// !$*UTF8*$!
{
	archiveVersion = 1;
	classes = {
	};
	objectVersion = 46;
	objects = {

/* Begin PBXBuildFile section */
		EBB417C51D41BDC10094CC00 /* main.m in Sources */ = {isa = PBXBuildFile; fileRef = EBB417C41D41BDC10094CC00 /* main.m */; };
		EBB417C81D41BDC10094CC00 /* AppDelegate.m in Sources */ = {isa = PBXBuildFile; fileRef = EBB417C71D41BDC10094CC00 /* AppDelegate.m */; };
		EBB417CE1D41BDC10094CC00 /* Main.storyboard in Resources */ = {isa = PBXBuildFile; fileRef = EBB417CC1D41BDC10094CC00 /* Main.storyboard */; };
		EBB417D01D41BDC10094CC00 /* Assets.xcassets in Resources */ = {isa = PBXBuildFile; fileRef = EBB417CF1D41BDC10094CC00 /* Assets.xcassets */; };
		EBB417D31D41BDC10094CC00 /* LaunchScreen.storyboard in Resources */ = {isa = PBXBuildFile; fileRef = EBB417D11D41BDC10094CC00 /* LaunchScreen.storyboard */; };
		EBB417DE1D41BDC20094CC00 /* MenuControllerTests.m in Sources */ = {isa = PBXBuildFile; fileRef = EBB417DD1D41BDC20094CC00 /* MenuControllerTests.m */; };
		EBB417E91D41BDC20094CC00 /* MenuControllerUITests.m in Sources */ = {isa = PBXBuildFile; fileRef = EBB417E81D41BDC20094CC00 /* MenuControllerUITests.m */; };
		EBB417F81D41BE360094CC00 /* TableViewController.m in Sources */ = {isa = PBXBuildFile; fileRef = EBB417F71D41BE360094CC00 /* TableViewController.m */; };
		EBB417FB1D41BEE80094CC00 /* MenuCell.m in Sources */ = {isa = PBXBuildFile; fileRef = EBB417FA1D41BEE80094CC00 /* MenuCell.m */; };
/* End PBXBuildFile section */

/* Begin PBXContainerItemProxy section */
		EBB417DA1D41BDC10094CC00 /* PBXContainerItemProxy */ = {
			isa = PBXContainerItemProxy;
			containerPortal = EBB417B81D41BDC10094CC00 /* Project object */;
			proxyType = 1;
			remoteGlobalIDString = EBB417BF1D41BDC10094CC00;
			remoteInfo = MenuController;
		};
		EBB417E51D41BDC20094CC00 /* PBXContainerItemProxy */ = {
			isa = PBXContainerItemProxy;
			containerPortal = EBB417B81D41BDC10094CC00 /* Project object */;
			proxyType = 1;
			remoteGlobalIDString = EBB417BF1D41BDC10094CC00;
			remoteInfo = MenuController;
		};
/* End PBXContainerItemProxy section */

/* Begin PBXFileReference section */
		EBB417C01D41BDC10094CC00 /* MenuController.app */ = {isa = PBXFileReference; explicitFileType = wrapper.application; includeInIndex = 0; path = MenuController.app; sourceTree = BUILT_PRODUCTS_DIR; };
		EBB417C41D41BDC10094CC00 /* main.m */ = {isa = PBXFileReference; lastKnownFileType = sourcecode.c.objc; path = main.m; sourceTree = "<group>"; };
		EBB417C61D41BDC10094CC00 /* AppDelegate.h */ = {isa = PBXFileReference; lastKnownFileType = sourcecode.c.h; path = AppDelegate.h; sourceTree = "<group>"; };
		EBB417C71D41BDC10094CC00 /* AppDelegate.m */ = {isa = PBXFileReference; lastKnownFileType = sourcecode.c.objc; path = AppDelegate.m; sourceTree = "<group>"; };
		EBB417CD1D41BDC10094CC00 /* Base */ = {isa = PBXFileReference; lastKnownFileType = file.storyboard; name = Base; path = Base.lproj/Main.storyboard; sourceTree = "<group>"; };
		EBB417CF1D41BDC10094CC00 /* Assets.xcassets */ = {isa = PBXFileReference; lastKnownFileType = folder.assetcatalog; path = Assets.xcassets; sourceTree = "<group>"; };
		EBB417D21D41BDC10094CC00 /* Base */ = {isa = PBXFileReference; lastKnownFileType = file.storyboard; name = Base; path = Base.lproj/LaunchScreen.storyboard; sourceTree = "<group>"; };
		EBB417D41D41BDC10094CC00 /* Info.plist */ = {isa = PBXFileReference; lastKnownFileType = text.plist.xml; path = Info.plist; sourceTree = "<group>"; };
		EBB417D91D41BDC10094CC00 /* MenuControllerTests.xctest */ = {isa = PBXFileReference; explicitFileType = wrapper.cfbundle; includeInIndex = 0; path = MenuControllerTests.xctest; sourceTree = BUILT_PRODUCTS_DIR; };
		EBB417DD1D41BDC20094CC00 /* MenuControllerTests.m */ = {isa = PBXFileReference; lastKnownFileType = sourcecode.c.objc; path = MenuControllerTests.m; sourceTree = "<group>"; };
		EBB417DF1D41BDC20094CC00 /* Info.plist */ = {isa = PBXFileReference; lastKnownFileType = text.plist.xml; path = Info.plist; sourceTree = "<group>"; };
		EBB417E41D41BDC20094CC00 /* MenuControllerUITests.xctest */ = {isa = PBXFileReference; explicitFileType = wrapper.cfbundle; includeInIndex = 0; path = MenuControllerUITests.xctest; sourceTree = BUILT_PRODUCTS_DIR; };
		EBB417E81D41BDC20094CC00 /* MenuControllerUITests.m */ = {isa = PBXFileReference; lastKnownFileType = sourcecode.c.objc; path = MenuControllerUITests.m; sourceTree = "<group>"; };
		EBB417EA1D41BDC20094CC00 /* Info.plist */ = {isa = PBXFileReference; lastKnownFileType = text.plist.xml; path = Info.plist; sourceTree = "<group>"; };
		EBB417F61D41BE360094CC00 /* TableViewController.h */ = {isa = PBXFileReference; fileEncoding = 4; lastKnownFileType = sourcecode.c.h; path = TableViewController.h; sourceTree = "<group>"; };
		EBB417F71D41BE360094CC00 /* TableViewController.m */ = {isa = PBXFileReference; fileEncoding = 4; lastKnownFileType = sourcecode.c.objc; path = TableViewController.m; sourceTree = "<group>"; };
		EBB417F91D41BEE80094CC00 /* MenuCell.h */ = {isa = PBXFileReference; fileEncoding = 4; lastKnownFileType = sourcecode.c.h; path = MenuCell.h; sourceTree = "<group>"; };
		EBB417FA1D41BEE80094CC00 /* MenuCell.m */ = {isa = PBXFileReference; fileEncoding = 4; lastKnownFileType = sourcecode.c.objc; path = MenuCell.m; sourceTree = "<group>"; };
/* End PBXFileReference section */

/* Begin PBXFrameworksBuildPhase section */
		EBB417BD1D41BDC10094CC00 /* Frameworks */ = {
			isa = PBXFrameworksBuildPhase;
			buildActionMask = 2147483647;
			files = (
			);
			runOnlyForDeploymentPostprocessing = 0;
		};
		EBB417D61D41BDC10094CC00 /* Frameworks */ = {
			isa = PBXFrameworksBuildPhase;
			buildActionMask = 2147483647;
			files = (
			);
			runOnlyForDeploymentPostprocessing = 0;
		};
		EBB417E11D41BDC20094CC00 /* Frameworks */ = {
			isa = PBXFrameworksBuildPhase;
			buildActionMask = 2147483647;
			files = (
			);
			runOnlyForDeploymentPostprocessing = 0;
		};
/* End PBXFrameworksBuildPhase section */

/* Begin PBXGroup section */
		EBB417B71D41BDC10094CC00 = {
			isa = PBXGroup;
			children = (
				EBB417C21D41BDC10094CC00 /* MenuController */,
				EBB417DC1D41BDC10094CC00 /* MenuControllerTests */,
				EBB417E71D41BDC20094CC00 /* MenuControllerUITests */,
				EBB417C11D41BDC10094CC00 /* Products */,
			);
			sourceTree = "<group>";
		};
		EBB417C11D41BDC10094CC00 /* Products */ = {
			isa = PBXGroup;
			children = (
				EBB417C01D41BDC10094CC00 /* MenuController.app */,
				EBB417D91D41BDC10094CC00 /* MenuControllerTests.xctest */,
				EBB417E41D41BDC20094CC00 /* MenuControllerUITests.xctest */,
			);
			name = Products;
			sourceTree = "<group>";
		};
		EBB417C21D41BDC10094CC00 /* MenuController */ = {
			isa = PBXGroup;
			children = (
				EBB417C61D41BDC10094CC00 /* AppDelegate.h */,
				EBB417C71D41BDC10094CC00 /* AppDelegate.m */,
				EBB417CC1D41BDC10094CC00 /* Main.storyboard */,
				EBB417CF1D41BDC10094CC00 /* Assets.xcassets */,
				EBB417D11D41BDC10094CC00 /* LaunchScreen.storyboard */,
				EBB417D41D41BDC10094CC00 /* Info.plist */,
				EBB417C31D41BDC10094CC00 /* Supporting Files */,
				EBB417F61D41BE360094CC00 /* TableViewController.h */,
				EBB417F71D41BE360094CC00 /* TableViewController.m */,
				EBB417F91D41BEE80094CC00 /* MenuCell.h */,
				EBB417FA1D41BEE80094CC00 /* MenuCell.m */,
			);
			path = MenuController;
			sourceTree = "<group>";
		};
		EBB417C31D41BDC10094CC00 /* Supporting Files */ = {
			isa = PBXGroup;
			children = (
				EBB417C41D41BDC10094CC00 /* main.m */,
			);
			name = "Supporting Files";
			sourceTree = "<group>";
		};
		EBB417DC1D41BDC10094CC00 /* MenuControllerTests */ = {
			isa = PBXGroup;
			children = (
				EBB417DD1D41BDC20094CC00 /* MenuControllerTests.m */,
				EBB417DF1D41BDC20094CC00 /* Info.plist */,
			);
			path = MenuControllerTests;
			sourceTree = "<group>";
		};
		EBB417E71D41BDC20094CC00 /* MenuControllerUITests */ = {
			isa = PBXGroup;
			children = (
				EBB417E81D41BDC20094CC00 /* MenuControllerUITests.m */,
				EBB417EA1D41BDC20094CC00 /* Info.plist */,
			);
			path = MenuControllerUITests;
			sourceTree = "<group>";
		};
/* End PBXGroup section */

/* Begin PBXNativeTarget section */
		EBB417BF1D41BDC10094CC00 /* MenuController */ = {
			isa = PBXNativeTarget;
			buildConfigurationList = EBB417ED1D41BDC20094CC00 /* Build configuration list for PBXNativeTarget "MenuController" */;
			buildPhases = (
				EBB417BC1D41BDC10094CC00 /* Sources */,
				EBB417BD1D41BDC10094CC00 /* Frameworks */,
				EBB417BE1D41BDC10094CC00 /* Resources */,
			);
			buildRules = (
			);
			dependencies = (
			);
			name = MenuController;
			productName = MenuController;
			productReference = EBB417C01D41BDC10094CC00 /* MenuController.app */;
			productType = "com.apple.product-type.application";
		};
		EBB417D81D41BDC10094CC00 /* MenuControllerTests */ = {
			isa = PBXNativeTarget;
			buildConfigurationList = EBB417F01D41BDC20094CC00 /* Build configuration list for PBXNativeTarget "MenuControllerTests" */;
			buildPhases = (
				EBB417D51D41BDC10094CC00 /* Sources */,
				EBB417D61D41BDC10094CC00 /* Frameworks */,
				EBB417D71D41BDC10094CC00 /* Resources */,
			);
			buildRules = (
			);
			dependencies = (
				EBB417DB1D41BDC10094CC00 /* PBXTargetDependency */,
			);
			name = MenuControllerTests;
			productName = MenuControllerTests;
			productReference = EBB417D91D41BDC10094CC00 /* MenuControllerTests.xctest */;
			productType = "com.apple.product-type.bundle.unit-test";
		};
		EBB417E31D41BDC20094CC00 /* MenuControllerUITests */ = {
			isa = PBXNativeTarget;
			buildConfigurationList = EBB417F31D41BDC20094CC00 /* Build configuration list for PBXNativeTarget "MenuControllerUITests" */;
			buildPhases = (
				EBB417E01D41BDC20094CC00 /* Sources */,
				EBB417E11D41BDC20094CC00 /* Frameworks */,
				EBB417E21D41BDC20094CC00 /* Resources */,
			);
			buildRules = (
			);
			dependencies = (
				EBB417E61D41BDC20094CC00 /* PBXTargetDependency */,
			);
			name = MenuControllerUITests;
			productName = MenuControllerUITests;
			productReference = EBB417E41D41BDC20094CC00 /* MenuControllerUITests.xctest */;
			productType = "com.apple.product-type.bundle.ui-testing";
		};
/* End PBXNativeTarget section */

/* Begin PBXProject section */
		EBB417B81D41BDC10094CC00 /* Project object */ = {
			isa = PBXProject;
			attributes = {
				LastUpgradeCheck = 0730;
				ORGANIZATIONNAME = LeeWong;
				TargetAttributes = {
					EBB417BF1D41BDC10094CC00 = {
						CreatedOnToolsVersion = 7.3;
					};
					EBB417D81D41BDC10094CC00 = {
						CreatedOnToolsVersion = 7.3;
						TestTargetID = EBB417BF1D41BDC10094CC00;
					};
					EBB417E31D41BDC20094CC00 = {
						CreatedOnToolsVersion = 7.3;
						TestTargetID = EBB417BF1D41BDC10094CC00;
					};
				};
			};
			buildConfigurationList = EBB417BB1D41BDC10094CC00 /* Build configuration list for PBXProject "MenuController" */;
			compatibilityVersion = "Xcode 3.2";
			developmentRegion = English;
			hasScannedForEncodings = 0;
			knownRegions = (
				en,
				Base,
			);
			mainGroup = EBB417B71D41BDC10094CC00;
			productRefGroup = EBB417C11D41BDC10094CC00 /* Products */;
			projectDirPath = "";
			projectRoot = "";
			targets = (
				EBB417BF1D41BDC10094CC00 /* MenuController */,
				EBB417D81D41BDC10094CC00 /* MenuControllerTests */,
				EBB417E31D41BDC20094CC00 /* MenuControllerUITests */,
			);
		};
/* End PBXProject section */

/* Begin PBXResourcesBuildPhase section */
		EBB417BE1D41BDC10094CC00 /* Resources */ = {
			isa = PBXResourcesBuildPhase;
			buildActionMask = 2147483647;
			files = (
				EBB417D31D41BDC10094CC00 /* LaunchScreen.storyboard in Resources */,
				EBB417D01D41BDC10094CC00 /* Assets.xcassets in Resources */,
				EBB417CE1D41BDC10094CC00 /* Main.storyboard in Resources */,
			);
			runOnlyForDeploymentPostprocessing = 0;
		};
		EBB417D71D41BDC10094CC00 /* Resources */ = {
			isa = PBXResourcesBuildPhase;
			buildActionMask = 2147483647;
			files = (
			);
			runOnlyForDeploymentPostprocessing = 0;
		};
		EBB417E21D41BDC20094CC00 /* Resources */ = {
			isa = PBXResourcesBuildPhase;
			buildActionMask = 2147483647;
			files = (
			);
			runOnlyForDeploymentPostprocessing = 0;
		};
/* End PBXResourcesBuildPhase section */

/* Begin PBXSourcesBuildPhase section */
		EBB417BC1D41BDC10094CC00 /* Sources */ = {
			isa = PBXSourcesBuildPhase;
			buildActionMask = 2147483647;
			files = (
				EBB417C81D41BDC10094CC00 /* AppDelegate.m in Sources */,
				EBB417C51D41BDC10094CC00 /* main.m in Sources */,
				EBB417FB1D41BEE80094CC00 /* MenuCell.m in Sources */,
				EBB417F81D41BE360094CC00 /* TableViewController.m in Sources */,
			);
			runOnlyForDeploymentPostprocessing = 0;
		};
		EBB417D51D41BDC10094CC00 /* Sources */ = {
			isa = PBXSourcesBuildPhase;
			buildActionMask = 2147483647;
			files = (
				EBB417DE1D41BDC20094CC00 /* MenuControllerTests.m in Sources */,
			);
			runOnlyForDeploymentPostprocessing = 0;
		};
		EBB417E01D41BDC20094CC00 /* Sources */ = {
			isa = PBXSourcesBuildPhase;
			buildActionMask = 2147483647;
			files = (
				EBB417E91D41BDC20094CC00 /* MenuControllerUITests.m in Sources */,
			);
			runOnlyForDeploymentPostprocessing = 0;
		};
/* End PBXSourcesBuildPhase section */

/* Begin PBXTargetDependency section */
		EBB417DB1D41BDC10094CC00 /* PBXTargetDependency */ = {
			isa = PBXTargetDependency;
			target = EBB417BF1D41BDC10094CC00 /* MenuController */;
			targetProxy = EBB417DA1D41BDC10094CC00 /* PBXContainerItemProxy */;
		};
		EBB417E61D41BDC20094CC00 /* PBXTargetDependency */ = {
			isa = PBXTargetDependency;
			target = EBB417BF1D41BDC10094CC00 /* MenuController */;
			targetProxy = EBB417E51D41BDC20094CC00 /* PBXContainerItemProxy */;
		};
/* End PBXTargetDependency section */

/* Begin PBXVariantGroup section */
		EBB417CC1D41BDC10094CC00 /* Main.storyboard */ = {
			isa = PBXVariantGroup;
			children = (
				EBB417CD1D41BDC10094CC00 /* Base */,
			);
			name = Main.storyboard;
			sourceTree = "<group>";
		};
		EBB417D11D41BDC10094CC00 /* LaunchScreen.storyboard */ = {
			isa = PBXVariantGroup;
			children = (
				EBB417D21D41BDC10094CC00 /* Base */,
			);
			name = LaunchScreen.storyboard;
			sourceTree = "<group>";
		};
/* End PBXVariantGroup section */

/* Begin XCBuildConfiguration section */
		EBB417EB1D41BDC20094CC00 /* Debug */ = {
			isa = XCBuildConfiguration;
			buildSettings = {
				ALWAYS_SEARCH_USER_PATHS = NO;
				CLANG_ANALYZER_NONNULL = YES;
				CLANG_CXX_LANGUAGE_STANDARD = "gnu++0x";
				CLANG_CXX_LIBRARY = "libc++";
				CLANG_ENABLE_MODULES = YES;
				CLANG_ENABLE_OBJC_ARC = YES;
				CLANG_WARN_BOOL_CONVERSION = YES;
				CLANG_WARN_CONSTANT_CONVERSION = YES;
				CLANG_WARN_DIRECT_OBJC_ISA_USAGE = YES_ERROR;
				CLANG_WARN_EMPTY_BODY = YES;
				CLANG_WARN_ENUM_CONVERSION = YES;
				CLANG_WARN_INT_CONVERSION = YES;
				CLANG_WARN_OBJC_ROOT_CLASS = YES_ERROR;
				CLANG_WARN_UNREACHABLE_CODE = YES;
				CLANG_WARN__DUPLICATE_METHOD_MATCH = YES;
				"CODE_SIGN_IDENTITY[sdk=iphoneos*]" = "iPhone Developer";
				COPY_PHASE_STRIP = NO;
				DEBUG_INFORMATION_FORMAT = dwarf;
				ENABLE_STRICT_OBJC_MSGSEND = YES;
				ENABLE_TESTABILITY = YES;
				GCC_C_LANGUAGE_STANDARD = gnu99;
				GCC_DYNAMIC_NO_PIC = NO;
				GCC_NO_COMMON_BLOCKS = YES;
				GCC_OPTIMIZATION_LEVEL = 0;
				GCC_PREPROCESSOR_DEFINITIONS = (
					"DEBUG=1",
					"$(inherited)",
				);
				GCC_WARN_64_TO_32_BIT_CONVERSION = YES;
				GCC_WARN_ABOUT_RETURN_TYPE = YES_ERROR;
				GCC_WARN_UNDECLARED_SELECTOR = YES;
				GCC_WARN_UNINITIALIZED_AUTOS = YES_AGGRESSIVE;
				GCC_WARN_UNUSED_FUNCTION = YES;
				GCC_WARN_UNUSED_VARIABLE = YES;
				IPHONEOS_DEPLOYMENT_TARGET = 9.3;
				MTL_ENABLE_DEBUG_INFO = YES;
				ONLY_ACTIVE_ARCH = YES;
				SDKROOT = iphoneos;
			};
			name = Debug;
		};
		EBB417EC1D41BDC20094CC00 /* Release */ = {
			isa = XCBuildConfiguration;
			buildSettings = {
				ALWAYS_SEARCH_USER_PATHS = NO;
				CLANG_ANALYZER_NONNULL = YES;
				CLANG_CXX_LANGUAGE_STANDARD = "gnu++0x";
				CLANG_CXX_LIBRARY = "libc++";
				CLANG_ENABLE_MODULES = YES;
				CLANG_ENABLE_OBJC_ARC = YES;
				CLANG_WARN_BOOL_CONVERSION = YES;
				CLANG_WARN_CONSTANT_CONVERSION = YES;
				CLANG_WARN_DIRECT_OBJC_ISA_USAGE = YES_ERROR;
				CLANG_WARN_EMPTY_BODY = YES;
				CLANG_WARN_ENUM_CONVERSION = YES;
				CLANG_WARN_INT_CONVERSION = YES;
				CLANG_WARN_OBJC_ROOT_CLASS = YES_ERROR;
				CLANG_WARN_UNREACHABLE_CODE = YES;
				CLANG_WARN__DUPLICATE_METHOD_MATCH = YES;
				"CODE_SIGN_IDENTITY[sdk=iphoneos*]" = "iPhone Developer";
				COPY_PHASE_STRIP = NO;
				DEBUG_INFORMATION_FORMAT = "dwarf-with-dsym";
				ENABLE_NS_ASSERTIONS = NO;
				ENABLE_STRICT_OBJC_MSGSEND = YES;
				GCC_C_LANGUAGE_STANDARD = gnu99;
				GCC_NO_COMMON_BLOCKS = YES;
				GCC_WARN_64_TO_32_BIT_CONVERSION = YES;
				GCC_WARN_ABOUT_RETURN_TYPE = YES_ERROR;
				GCC_WARN_UNDECLARED_SELECTOR = YES;
				GCC_WARN_UNINITIALIZED_AUTOS = YES_AGGRESSIVE;
				GCC_WARN_UNUSED_FUNCTION = YES;
				GCC_WARN_UNUSED_VARIABLE = YES;
				IPHONEOS_DEPLOYMENT_TARGET = 9.3;
				MTL_ENABLE_DEBUG_INFO = NO;
				SDKROOT = iphoneos;
				VALIDATE_PRODUCT = YES;
			};
			name = Release;
		};
		EBB417EE1D41BDC20094CC00 /* Debug */ = {
			isa = XCBuildConfiguration;
			buildSettings = {
				ASSETCATALOG_COMPILER_APPICON_NAME = AppIcon;
				INFOPLIST_FILE = MenuController/Info.plist;
				LD_RUNPATH_SEARCH_PATHS = "$(inherited) @executable_path/Frameworks";
				PRODUCT_BUNDLE_IDENTIFIER = com.msb.MenuController;
				PRODUCT_NAME = "$(TARGET_NAME)";
			};
			name = Debug;
		};
		EBB417EF1D41BDC20094CC00 /* Release */ = {
			isa = XCBuildConfiguration;
			buildSettings = {
				ASSETCATALOG_COMPILER_APPICON_NAME = AppIcon;
				INFOPLIST_FILE = MenuController/Info.plist;
				LD_RUNPATH_SEARCH_PATHS = "$(inherited) @executable_path/Frameworks";
				PRODUCT_BUNDLE_IDENTIFIER = com.msb.MenuController;
				PRODUCT_NAME = "$(TARGET_NAME)";
			};
			name = Release;
		};
		EBB417F11D41BDC20094CC00 /* Debug */ = {
			isa = XCBuildConfiguration;
			buildSettings = {
				BUNDLE_LOADER = "$(TEST_HOST)";
				INFOPLIST_FILE = MenuControllerTests/Info.plist;
				LD_RUNPATH_SEARCH_PATHS = "$(inherited) @executable_path/Frameworks @loader_path/Frameworks";
				PRODUCT_BUNDLE_IDENTIFIER = com.msb.MenuControllerTests;
				PRODUCT_NAME = "$(TARGET_NAME)";
				TEST_HOST = "$(BUILT_PRODUCTS_DIR)/MenuController.app/MenuController";
			};
			name = Debug;
		};
		EBB417F21D41BDC20094CC00 /* Release */ = {
			isa = XCBuildConfiguration;
			buildSettings = {
				BUNDLE_LOADER = "$(TEST_HOST)";
				INFOPLIST_FILE = MenuControllerTests/Info.plist;
				LD_RUNPATH_SEARCH_PATHS = "$(inherited) @executable_path/Frameworks @loader_path/Frameworks";
				PRODUCT_BUNDLE_IDENTIFIER = com.msb.MenuControllerTests;
				PRODUCT_NAME = "$(TARGET_NAME)";
				TEST_HOST = "$(BUILT_PRODUCTS_DIR)/MenuController.app/MenuController";
			};
			name = Release;
		};
		EBB417F41D41BDC20094CC00 /* Debug */ = {
			isa = XCBuildConfiguration;
			buildSettings = {
				INFOPLIST_FILE = MenuControllerUITests/Info.plist;
				LD_RUNPATH_SEARCH_PATHS = "$(inherited) @executable_path/Frameworks @loader_path/Frameworks";
				PRODUCT_BUNDLE_IDENTIFIER = com.msb.MenuControllerUITests;
				PRODUCT_NAME = "$(TARGET_NAME)";
				TEST_TARGET_NAME = MenuController;
			};
			name = Debug;
		};
		EBB417F51D41BDC20094CC00 /* Release */ = {
			isa = XCBuildConfiguration;
			buildSettings = {
				INFOPLIST_FILE = MenuControllerUITests/Info.plist;
				LD_RUNPATH_SEARCH_PATHS = "$(inherited) @executable_path/Frameworks @loader_path/Frameworks";
				PRODUCT_BUNDLE_IDENTIFIER = com.msb.MenuControllerUITests;
				PRODUCT_NAME = "$(TARGET_NAME)";
				TEST_TARGET_NAME = MenuController;
			};
			name = Release;
		};
/* End XCBuildConfiguration section */

/* Begin XCConfigurationList section */
		EBB417BB1D41BDC10094CC00 /* Build configuration list for PBXProject "MenuController" */ = {
			isa = XCConfigurationList;
			buildConfigurations = (
				EBB417EB1D41BDC20094CC00 /* Debug */,
				EBB417EC1D41BDC20094CC00 /* Release */,
			);
			defaultConfigurationIsVisible = 0;
			defaultConfigurationName = Release;
		};
		EBB417ED1D41BDC20094CC00 /* Build configuration list for PBXNativeTarget "MenuController" */ = {
			isa = XCConfigurationList;
			buildConfigurations = (
				EBB417EE1D41BDC20094CC00 /* Debug */,
				EBB417EF1D41BDC20094CC00 /* Release */,
			);
			defaultConfigurationIsVisible = 0;
		};
		EBB417F01D41BDC20094CC00 /* Build configuration list for PBXNativeTarget "MenuControllerTests" */ = {
			isa = XCConfigurationList;
			buildConfigurations = (
				EBB417F11D41BDC20094CC00 /* Debug */,
				EBB417F21D41BDC20094CC00 /* Release */,
			);
			defaultConfigurationIsVisible = 0;
		};
		EBB417F31D41BDC20094CC00 /* Build configuration list for PBXNativeTarget "MenuControllerUITests" */ = {
			isa = XCConfigurationList;
			buildConfigurations = (
				EBB417F41D41BDC20094CC00 /* Debug */,
				EBB417F51D41BDC20094CC00 /* Release */,
			);
			defaultConfigurationIsVisible = 0;
		};
/* End XCConfigurationList section */
	};
	rootObject = EBB417B81D41BDC10094CC00 /* Project object */;
}
