// !$*UTF8*$!
{
	archiveVersion = 1;
	classes = {
	};
	objectVersion = 46;
	objects = {

/* Begin PBXBuildFile section */
		2CE0E3B9FF3DB5AF81E3370F /* libPods-LiveViewer.a in Frameworks */ = {isa = PBXBuildFile; fileRef = 28C512F8174A16DC05B48BBB /* libPods-LiveViewer.a */; };
		EB269A4E1D1B989700A282B1 /* main.m in Sources */ = {isa = PBXBuildFile; fileRef = EB269A4D1D1B989700A282B1 /* main.m */; };
		EB269A511D1B989700A282B1 /* AppDelegate.m in Sources */ = {isa = PBXBuildFile; fileRef = EB269A501D1B989700A282B1 /* AppDelegate.m */; };
		EB269A541D1B989700A282B1 /* ViewController.m in Sources */ = {isa = PBXBuildFile; fileRef = EB269A531D1B989700A282B1 /* ViewController.m */; };
		EB269A571D1B989700A282B1 /* Main.storyboard in Resources */ = {isa = PBXBuildFile; fileRef = EB269A551D1B989700A282B1 /* Main.storyboard */; };
		EB269A591D1B989700A282B1 /* Assets.xcassets in Resources */ = {isa = PBXBuildFile; fileRef = EB269A581D1B989700A282B1 /* Assets.xcassets */; };
		EB269A5C1D1B989700A282B1 /* LaunchScreen.storyboard in Resources */ = {isa = PBXBuildFile; fileRef = EB269A5A1D1B989700A282B1 /* LaunchScreen.storyboard */; };
		EB269A671D1B989700A282B1 /* LiveViewerTests.m in Sources */ = {isa = PBXBuildFile; fileRef = EB269A661D1B989700A282B1 /* LiveViewerTests.m */; };
		EB269A721D1B989700A282B1 /* LiveViewerUITests.m in Sources */ = {isa = PBXBuildFile; fileRef = EB269A711D1B989700A282B1 /* LiveViewerUITests.m */; };
		EB269A821D1BA72200A282B1 /* LiveViewerCell.m in Sources */ = {isa = PBXBuildFile; fileRef = EB269A811D1BA72200A282B1 /* LiveViewerCell.m */; };
		EB269A881D1BB71500A282B1 /* LiveViewerViewController.m in Sources */ = {isa = PBXBuildFile; fileRef = EB269A871D1BB71500A282B1 /* LiveViewerViewController.m */; };
		EBF88B051D1D07A1006E46CD /* ArtImageView.m in Sources */ = {isa = PBXBuildFile; fileRef = EBF88B041D1D07A1006E46CD /* ArtImageView.m */; };
/* End PBXBuildFile section */

/* Begin PBXContainerItemProxy section */
		EB269A631D1B989700A282B1 /* PBXContainerItemProxy */ = {
			isa = PBXContainerItemProxy;
			containerPortal = EB269A411D1B989700A282B1 /* Project object */;
			proxyType = 1;
			remoteGlobalIDString = EB269A481D1B989700A282B1;
			remoteInfo = LiveViewer;
		};
		EB269A6E1D1B989700A282B1 /* PBXContainerItemProxy */ = {
			isa = PBXContainerItemProxy;
			containerPortal = EB269A411D1B989700A282B1 /* Project object */;
			proxyType = 1;
			remoteGlobalIDString = EB269A481D1B989700A282B1;
			remoteInfo = LiveViewer;
		};
/* End PBXContainerItemProxy section */

/* Begin PBXFileReference section */
		28C512F8174A16DC05B48BBB /* libPods-LiveViewer.a */ = {isa = PBXFileReference; explicitFileType = archive.ar; includeInIndex = 0; path = "libPods-LiveViewer.a"; sourceTree = BUILT_PRODUCTS_DIR; };
		B41BFFB255260DA37AB7844F /* Pods-LiveViewer.release.xcconfig */ = {isa = PBXFileReference; includeInIndex = 1; lastKnownFileType = text.xcconfig; name = "Pods-LiveViewer.release.xcconfig"; path = "Pods/Target Support Files/Pods-LiveViewer/Pods-LiveViewer.release.xcconfig"; sourceTree = "<group>"; };
		EB269A491D1B989700A282B1 /* LiveViewer.app */ = {isa = PBXFileReference; explicitFileType = wrapper.application; includeInIndex = 0; path = LiveViewer.app; sourceTree = BUILT_PRODUCTS_DIR; };
		EB269A4D1D1B989700A282B1 /* main.m */ = {isa = PBXFileReference; lastKnownFileType = sourcecode.c.objc; path = main.m; sourceTree = "<group>"; };
		EB269A4F1D1B989700A282B1 /* AppDelegate.h */ = {isa = PBXFileReference; lastKnownFileType = sourcecode.c.h; path = AppDelegate.h; sourceTree = "<group>"; };
		EB269A501D1B989700A282B1 /* AppDelegate.m */ = {isa = PBXFileReference; lastKnownFileType = sourcecode.c.objc; path = AppDelegate.m; sourceTree = "<group>"; };
		EB269A521D1B989700A282B1 /* ViewController.h */ = {isa = PBXFileReference; lastKnownFileType = sourcecode.c.h; path = ViewController.h; sourceTree = "<group>"; };
		EB269A531D1B989700A282B1 /* ViewController.m */ = {isa = PBXFileReference; lastKnownFileType = sourcecode.c.objc; path = ViewController.m; sourceTree = "<group>"; };
		EB269A561D1B989700A282B1 /* Base */ = {isa = PBXFileReference; lastKnownFileType = file.storyboard; name = Base; path = Base.lproj/Main.storyboard; sourceTree = "<group>"; };
		EB269A581D1B989700A282B1 /* Assets.xcassets */ = {isa = PBXFileReference; lastKnownFileType = folder.assetcatalog; path = Assets.xcassets; sourceTree = "<group>"; };
		EB269A5B1D1B989700A282B1 /* Base */ = {isa = PBXFileReference; lastKnownFileType = file.storyboard; name = Base; path = Base.lproj/LaunchScreen.storyboard; sourceTree = "<group>"; };
		EB269A5D1D1B989700A282B1 /* Info.plist */ = {isa = PBXFileReference; lastKnownFileType = text.plist.xml; path = Info.plist; sourceTree = "<group>"; };
		EB269A621D1B989700A282B1 /* LiveViewerTests.xctest */ = {isa = PBXFileReference; explicitFileType = wrapper.cfbundle; includeInIndex = 0; path = LiveViewerTests.xctest; sourceTree = BUILT_PRODUCTS_DIR; };
		EB269A661D1B989700A282B1 /* LiveViewerTests.m */ = {isa = PBXFileReference; lastKnownFileType = sourcecode.c.objc; path = LiveViewerTests.m; sourceTree = "<group>"; };
		EB269A681D1B989700A282B1 /* Info.plist */ = {isa = PBXFileReference; lastKnownFileType = text.plist.xml; path = Info.plist; sourceTree = "<group>"; };
		EB269A6D1D1B989700A282B1 /* LiveViewerUITests.xctest */ = {isa = PBXFileReference; explicitFileType = wrapper.cfbundle; includeInIndex = 0; path = LiveViewerUITests.xctest; sourceTree = BUILT_PRODUCTS_DIR; };
		EB269A711D1B989700A282B1 /* LiveViewerUITests.m */ = {isa = PBXFileReference; lastKnownFileType = sourcecode.c.objc; path = LiveViewerUITests.m; sourceTree = "<group>"; };
		EB269A731D1B989700A282B1 /* Info.plist */ = {isa = PBXFileReference; lastKnownFileType = text.plist.xml; path = Info.plist; sourceTree = "<group>"; };
		EB269A801D1BA72200A282B1 /* LiveViewerCell.h */ = {isa = PBXFileReference; fileEncoding = 4; lastKnownFileType = sourcecode.c.h; path = LiveViewerCell.h; sourceTree = "<group>"; };
		EB269A811D1BA72200A282B1 /* LiveViewerCell.m */ = {isa = PBXFileReference; fileEncoding = 4; lastKnownFileType = sourcecode.c.objc; path = LiveViewerCell.m; sourceTree = "<group>"; };
		EB269A861D1BB71500A282B1 /* LiveViewerViewController.h */ = {isa = PBXFileReference; fileEncoding = 4; lastKnownFileType = sourcecode.c.h; path = LiveViewerViewController.h; sourceTree = "<group>"; };
		EB269A871D1BB71500A282B1 /* LiveViewerViewController.m */ = {isa = PBXFileReference; fileEncoding = 4; lastKnownFileType = sourcecode.c.objc; path = LiveViewerViewController.m; sourceTree = "<group>"; };
		EBF88AFF1D1D0284006E46CD /* LiveViewer.pch */ = {isa = PBXFileReference; lastKnownFileType = sourcecode.c.h; path = LiveViewer.pch; sourceTree = "<group>"; };
		EBF88B031D1D07A1006E46CD /* ArtImageView.h */ = {isa = PBXFileReference; fileEncoding = 4; lastKnownFileType = sourcecode.c.h; path = ArtImageView.h; sourceTree = "<group>"; };
		EBF88B041D1D07A1006E46CD /* ArtImageView.m */ = {isa = PBXFileReference; fileEncoding = 4; lastKnownFileType = sourcecode.c.objc; path = ArtImageView.m; sourceTree = "<group>"; };
		FA9E8B47C79934659D9FEEEC /* Pods-LiveViewer.debug.xcconfig */ = {isa = PBXFileReference; includeInIndex = 1; lastKnownFileType = text.xcconfig; name = "Pods-LiveViewer.debug.xcconfig"; path = "Pods/Target Support Files/Pods-LiveViewer/Pods-LiveViewer.debug.xcconfig"; sourceTree = "<group>"; };
/* End PBXFileReference section */

/* Begin PBXFrameworksBuildPhase section */
		EB269A461D1B989700A282B1 /* Frameworks */ = {
			isa = PBXFrameworksBuildPhase;
			buildActionMask = 2147483647;
			files = (
				2CE0E3B9FF3DB5AF81E3370F /* libPods-LiveViewer.a in Frameworks */,
			);
			runOnlyForDeploymentPostprocessing = 0;
		};
		EB269A5F1D1B989700A282B1 /* Frameworks */ = {
			isa = PBXFrameworksBuildPhase;
			buildActionMask = 2147483647;
			files = (
			);
			runOnlyForDeploymentPostprocessing = 0;
		};
		EB269A6A1D1B989700A282B1 /* Frameworks */ = {
			isa = PBXFrameworksBuildPhase;
			buildActionMask = 2147483647;
			files = (
			);
			runOnlyForDeploymentPostprocessing = 0;
		};
/* End PBXFrameworksBuildPhase section */

/* Begin PBXGroup section */
		01E82C5278C971AE6C24EB5A /* Frameworks */ = {
			isa = PBXGroup;
			children = (
				28C512F8174A16DC05B48BBB /* libPods-LiveViewer.a */,
			);
			name = Frameworks;
			sourceTree = "<group>";
		};
		E3DC9F4DB8BF77AA24B58AA2 /* Pods */ = {
			isa = PBXGroup;
			children = (
				FA9E8B47C79934659D9FEEEC /* Pods-LiveViewer.debug.xcconfig */,
				B41BFFB255260DA37AB7844F /* Pods-LiveViewer.release.xcconfig */,
			);
			name = Pods;
			sourceTree = "<group>";
		};
		EB269A401D1B989700A282B1 = {
			isa = PBXGroup;
			children = (
				EB269A4B1D1B989700A282B1 /* LiveViewer */,
				EB269A651D1B989700A282B1 /* LiveViewerTests */,
				EB269A701D1B989700A282B1 /* LiveViewerUITests */,
				EB269A4A1D1B989700A282B1 /* Products */,
				E3DC9F4DB8BF77AA24B58AA2 /* Pods */,
				01E82C5278C971AE6C24EB5A /* Frameworks */,
			);
			sourceTree = "<group>";
		};
		EB269A4A1D1B989700A282B1 /* Products */ = {
			isa = PBXGroup;
			children = (
				EB269A491D1B989700A282B1 /* LiveViewer.app */,
				EB269A621D1B989700A282B1 /* LiveViewerTests.xctest */,
				EB269A6D1D1B989700A282B1 /* LiveViewerUITests.xctest */,
			);
			name = Products;
			sourceTree = "<group>";
		};
		EB269A4B1D1B989700A282B1 /* LiveViewer */ = {
			isa = PBXGroup;
			children = (
				EB269A7F1D1BA6C400A282B1 /* AvaterCell */,
				EB269A4F1D1B989700A282B1 /* AppDelegate.h */,
				EB269A501D1B989700A282B1 /* AppDelegate.m */,
				EB269A521D1B989700A282B1 /* ViewController.h */,
				EB269A531D1B989700A282B1 /* ViewController.m */,
				EB269A551D1B989700A282B1 /* Main.storyboard */,
				EB269A581D1B989700A282B1 /* Assets.xcassets */,
				EB269A5A1D1B989700A282B1 /* LaunchScreen.storyboard */,
				EB269A5D1D1B989700A282B1 /* Info.plist */,
				EB269A4C1D1B989700A282B1 /* Supporting Files */,
			);
			path = LiveViewer;
			sourceTree = "<group>";
		};
		EB269A4C1D1B989700A282B1 /* Supporting Files */ = {
			isa = PBXGroup;
			children = (
				EB269A4D1D1B989700A282B1 /* main.m */,
				EBF88AFF1D1D0284006E46CD /* LiveViewer.pch */,
			);
			name = "Supporting Files";
			sourceTree = "<group>";
		};
		EB269A651D1B989700A282B1 /* LiveViewerTests */ = {
			isa = PBXGroup;
			children = (
				EB269A661D1B989700A282B1 /* LiveViewerTests.m */,
				EB269A681D1B989700A282B1 /* Info.plist */,
			);
			path = LiveViewerTests;
			sourceTree = "<group>";
		};
		EB269A701D1B989700A282B1 /* LiveViewerUITests */ = {
			isa = PBXGroup;
			children = (
				EB269A711D1B989700A282B1 /* LiveViewerUITests.m */,
				EB269A731D1B989700A282B1 /* Info.plist */,
			);
			path = LiveViewerUITests;
			sourceTree = "<group>";
		};
		EB269A7F1D1BA6C400A282B1 /* AvaterCell */ = {
			isa = PBXGroup;
			children = (
				EBF88B031D1D07A1006E46CD /* ArtImageView.h */,
				EBF88B041D1D07A1006E46CD /* ArtImageView.m */,
				EB269A801D1BA72200A282B1 /* LiveViewerCell.h */,
				EB269A811D1BA72200A282B1 /* LiveViewerCell.m */,
				EB269A861D1BB71500A282B1 /* LiveViewerViewController.h */,
				EB269A871D1BB71500A282B1 /* LiveViewerViewController.m */,
			);
			path = AvaterCell;
			sourceTree = "<group>";
		};
/* End PBXGroup section */

/* Begin PBXNativeTarget section */
		EB269A481D1B989700A282B1 /* LiveViewer */ = {
			isa = PBXNativeTarget;
			buildConfigurationList = EB269A761D1B989700A282B1 /* Build configuration list for PBXNativeTarget "LiveViewer" */;
			buildPhases = (
				B34D031936D2901F41B6C98F /* Check Pods Manifest.lock */,
				EB269A451D1B989700A282B1 /* Sources */,
				EB269A461D1B989700A282B1 /* Frameworks */,
				EB269A471D1B989700A282B1 /* Resources */,
				FDBBDDCE6B384A5910D2574F /* Embed Pods Frameworks */,
				3C16CDEFF8EC75892ED2210B /* Copy Pods Resources */,
			);
			buildRules = (
			);
			dependencies = (
			);
			name = LiveViewer;
			productName = LiveViewer;
			productReference = EB269A491D1B989700A282B1 /* LiveViewer.app */;
			productType = "com.apple.product-type.application";
		};
		EB269A611D1B989700A282B1 /* LiveViewerTests */ = {
			isa = PBXNativeTarget;
			buildConfigurationList = EB269A791D1B989700A282B1 /* Build configuration list for PBXNativeTarget "LiveViewerTests" */;
			buildPhases = (
				EB269A5E1D1B989700A282B1 /* Sources */,
				EB269A5F1D1B989700A282B1 /* Frameworks */,
				EB269A601D1B989700A282B1 /* Resources */,
			);
			buildRules = (
			);
			dependencies = (
				EB269A641D1B989700A282B1 /* PBXTargetDependency */,
			);
			name = LiveViewerTests;
			productName = LiveViewerTests;
			productReference = EB269A621D1B989700A282B1 /* LiveViewerTests.xctest */;
			productType = "com.apple.product-type.bundle.unit-test";
		};
		EB269A6C1D1B989700A282B1 /* LiveViewerUITests */ = {
			isa = PBXNativeTarget;
			buildConfigurationList = EB269A7C1D1B989700A282B1 /* Build configuration list for PBXNativeTarget "LiveViewerUITests" */;
			buildPhases = (
				EB269A691D1B989700A282B1 /* Sources */,
				EB269A6A1D1B989700A282B1 /* Frameworks */,
				EB269A6B1D1B989700A282B1 /* Resources */,
			);
			buildRules = (
			);
			dependencies = (
				EB269A6F1D1B989700A282B1 /* PBXTargetDependency */,
			);
			name = LiveViewerUITests;
			productName = LiveViewerUITests;
			productReference = EB269A6D1D1B989700A282B1 /* LiveViewerUITests.xctest */;
			productType = "com.apple.product-type.bundle.ui-testing";
		};
/* End PBXNativeTarget section */

/* Begin PBXProject section */
		EB269A411D1B989700A282B1 /* Project object */ = {
			isa = PBXProject;
			attributes = {
				LastUpgradeCheck = 0730;
				ORGANIZATIONNAME = LeeWong;
				TargetAttributes = {
					EB269A481D1B989700A282B1 = {
						CreatedOnToolsVersion = 7.3;
					};
					EB269A611D1B989700A282B1 = {
						CreatedOnToolsVersion = 7.3;
						TestTargetID = EB269A481D1B989700A282B1;
					};
					EB269A6C1D1B989700A282B1 = {
						CreatedOnToolsVersion = 7.3;
						TestTargetID = EB269A481D1B989700A282B1;
					};
				};
			};
			buildConfigurationList = EB269A441D1B989700A282B1 /* Build configuration list for PBXProject "LiveViewer" */;
			compatibilityVersion = "Xcode 3.2";
			developmentRegion = English;
			hasScannedForEncodings = 0;
			knownRegions = (
				en,
				Base,
			);
			mainGroup = EB269A401D1B989700A282B1;
			productRefGroup = EB269A4A1D1B989700A282B1 /* Products */;
			projectDirPath = "";
			projectRoot = "";
			targets = (
				EB269A481D1B989700A282B1 /* LiveViewer */,
				EB269A611D1B989700A282B1 /* LiveViewerTests */,
				EB269A6C1D1B989700A282B1 /* LiveViewerUITests */,
			);
		};
/* End PBXProject section */

/* Begin PBXResourcesBuildPhase section */
		EB269A471D1B989700A282B1 /* Resources */ = {
			isa = PBXResourcesBuildPhase;
			buildActionMask = 2147483647;
			files = (
				EB269A5C1D1B989700A282B1 /* LaunchScreen.storyboard in Resources */,
				EB269A591D1B989700A282B1 /* Assets.xcassets in Resources */,
				EB269A571D1B989700A282B1 /* Main.storyboard in Resources */,
			);
			runOnlyForDeploymentPostprocessing = 0;
		};
		EB269A601D1B989700A282B1 /* Resources */ = {
			isa = PBXResourcesBuildPhase;
			buildActionMask = 2147483647;
			files = (
			);
			runOnlyForDeploymentPostprocessing = 0;
		};
		EB269A6B1D1B989700A282B1 /* Resources */ = {
			isa = PBXResourcesBuildPhase;
			buildActionMask = 2147483647;
			files = (
			);
			runOnlyForDeploymentPostprocessing = 0;
		};
/* End PBXResourcesBuildPhase section */

/* Begin PBXShellScriptBuildPhase section */
		3C16CDEFF8EC75892ED2210B /* Copy Pods Resources */ = {
			isa = PBXShellScriptBuildPhase;
			buildActionMask = 2147483647;
			files = (
			);
			inputPaths = (
			);
			name = "Copy Pods Resources";
			outputPaths = (
			);
			runOnlyForDeploymentPostprocessing = 0;
			shellPath = /bin/sh;
			shellScript = "\"${SRCROOT}/Pods/Target Support Files/Pods-LiveViewer/Pods-LiveViewer-resources.sh\"\n";
			showEnvVarsInLog = 0;
		};
		B34D031936D2901F41B6C98F /* Check Pods Manifest.lock */ = {
			isa = PBXShellScriptBuildPhase;
			buildActionMask = 2147483647;
			files = (
			);
			inputPaths = (
			);
			name = "Check Pods Manifest.lock";
			outputPaths = (
			);
			runOnlyForDeploymentPostprocessing = 0;
			shellPath = /bin/sh;
			shellScript = "diff \"${PODS_ROOT}/../Podfile.lock\" \"${PODS_ROOT}/Manifest.lock\" > /dev/null\nif [[ $? != 0 ]] ; then\n    cat << EOM\nerror: The sandbox is not in sync with the Podfile.lock. Run 'pod install' or update your CocoaPods installation.\nEOM\n    exit 1\nfi\n";
			showEnvVarsInLog = 0;
		};
		FDBBDDCE6B384A5910D2574F /* Embed Pods Frameworks */ = {
			isa = PBXShellScriptBuildPhase;
			buildActionMask = 2147483647;
			files = (
			);
			inputPaths = (
			);
			name = "Embed Pods Frameworks";
			outputPaths = (
			);
			runOnlyForDeploymentPostprocessing = 0;
			shellPath = /bin/sh;
			shellScript = "\"${SRCROOT}/Pods/Target Support Files/Pods-LiveViewer/Pods-LiveViewer-frameworks.sh\"\n";
			showEnvVarsInLog = 0;
		};
/* End PBXShellScriptBuildPhase section */

/* Begin PBXSourcesBuildPhase section */
		EB269A451D1B989700A282B1 /* Sources */ = {
			isa = PBXSourcesBuildPhase;
			buildActionMask = 2147483647;
			files = (
				EBF88B051D1D07A1006E46CD /* ArtImageView.m in Sources */,
				EB269A541D1B989700A282B1 /* ViewController.m in Sources */,
				EB269A821D1BA72200A282B1 /* LiveViewerCell.m in Sources */,
				EB269A881D1BB71500A282B1 /* LiveViewerViewController.m in Sources */,
				EB269A511D1B989700A282B1 /* AppDelegate.m in Sources */,
				EB269A4E1D1B989700A282B1 /* main.m in Sources */,
			);
			runOnlyForDeploymentPostprocessing = 0;
		};
		EB269A5E1D1B989700A282B1 /* Sources */ = {
			isa = PBXSourcesBuildPhase;
			buildActionMask = 2147483647;
			files = (
				EB269A671D1B989700A282B1 /* LiveViewerTests.m in Sources */,
			);
			runOnlyForDeploymentPostprocessing = 0;
		};
		EB269A691D1B989700A282B1 /* Sources */ = {
			isa = PBXSourcesBuildPhase;
			buildActionMask = 2147483647;
			files = (
				EB269A721D1B989700A282B1 /* LiveViewerUITests.m in Sources */,
			);
			runOnlyForDeploymentPostprocessing = 0;
		};
/* End PBXSourcesBuildPhase section */

/* Begin PBXTargetDependency section */
		EB269A641D1B989700A282B1 /* PBXTargetDependency */ = {
			isa = PBXTargetDependency;
			target = EB269A481D1B989700A282B1 /* LiveViewer */;
			targetProxy = EB269A631D1B989700A282B1 /* PBXContainerItemProxy */;
		};
		EB269A6F1D1B989700A282B1 /* PBXTargetDependency */ = {
			isa = PBXTargetDependency;
			target = EB269A481D1B989700A282B1 /* LiveViewer */;
			targetProxy = EB269A6E1D1B989700A282B1 /* PBXContainerItemProxy */;
		};
/* End PBXTargetDependency section */

/* Begin PBXVariantGroup section */
		EB269A551D1B989700A282B1 /* Main.storyboard */ = {
			isa = PBXVariantGroup;
			children = (
				EB269A561D1B989700A282B1 /* Base */,
			);
			name = Main.storyboard;
			sourceTree = "<group>";
		};
		EB269A5A1D1B989700A282B1 /* LaunchScreen.storyboard */ = {
			isa = PBXVariantGroup;
			children = (
				EB269A5B1D1B989700A282B1 /* Base */,
			);
			name = LaunchScreen.storyboard;
			sourceTree = "<group>";
		};
/* End PBXVariantGroup section */

/* Begin XCBuildConfiguration section */
		EB269A741D1B989700A282B1 /* Debug */ = {
			isa = XCBuildConfiguration;
			buildSettings = {
				ALWAYS_SEARCH_USER_PATHS = NO;
				CLANG_ANALYZER_NONNULL = YES;
				CLANG_CXX_LANGUAGE_STANDARD = "gnu++0x";
				CLANG_CXX_LIBRARY = "libc++";
				CLANG_ENABLE_MODULES = YES;
				CLANG_ENABLE_OBJC_ARC = YES;
				CLANG_WARN_BOOL_CONVERSION = YES;
				CLANG_WARN_CONSTANT_CONVERSION = YES;
				CLANG_WARN_DIRECT_OBJC_ISA_USAGE = YES_ERROR;
				CLANG_WARN_EMPTY_BODY = YES;
				CLANG_WARN_ENUM_CONVERSION = YES;
				CLANG_WARN_INT_CONVERSION = YES;
				CLANG_WARN_OBJC_ROOT_CLASS = YES_ERROR;
				CLANG_WARN_UNREACHABLE_CODE = YES;
				CLANG_WARN__DUPLICATE_METHOD_MATCH = YES;
				"CODE_SIGN_IDENTITY[sdk=iphoneos*]" = "iPhone Developer";
				COPY_PHASE_STRIP = NO;
				DEBUG_INFORMATION_FORMAT = dwarf;
				ENABLE_STRICT_OBJC_MSGSEND = YES;
				ENABLE_TESTABILITY = YES;
				GCC_C_LANGUAGE_STANDARD = gnu99;
				GCC_DYNAMIC_NO_PIC = NO;
				GCC_NO_COMMON_BLOCKS = YES;
				GCC_OPTIMIZATION_LEVEL = 0;
				GCC_PREPROCESSOR_DEFINITIONS = (
					"DEBUG=1",
					"$(inherited)",
				);
				GCC_WARN_64_TO_32_BIT_CONVERSION = YES;
				GCC_WARN_ABOUT_RETURN_TYPE = YES_ERROR;
				GCC_WARN_UNDECLARED_SELECTOR = YES;
				GCC_WARN_UNINITIALIZED_AUTOS = YES_AGGRESSIVE;
				GCC_WARN_UNUSED_FUNCTION = YES;
				GCC_WARN_UNUSED_VARIABLE = YES;
				IPHONEOS_DEPLOYMENT_TARGET = 9.3;
				MTL_ENABLE_DEBUG_INFO = YES;
				ONLY_ACTIVE_ARCH = YES;
				SDKROOT = iphoneos;
			};
			name = Debug;
		};
		EB269A751D1B989700A282B1 /* Release */ = {
			isa = XCBuildConfiguration;
			buildSettings = {
				ALWAYS_SEARCH_USER_PATHS = NO;
				CLANG_ANALYZER_NONNULL = YES;
				CLANG_CXX_LANGUAGE_STANDARD = "gnu++0x";
				CLANG_CXX_LIBRARY = "libc++";
				CLANG_ENABLE_MODULES = YES;
				CLANG_ENABLE_OBJC_ARC = YES;
				CLANG_WARN_BOOL_CONVERSION = YES;
				CLANG_WARN_CONSTANT_CONVERSION = YES;
				CLANG_WARN_DIRECT_OBJC_ISA_USAGE = YES_ERROR;
				CLANG_WARN_EMPTY_BODY = YES;
				CLANG_WARN_ENUM_CONVERSION = YES;
				CLANG_WARN_INT_CONVERSION = YES;
				CLANG_WARN_OBJC_ROOT_CLASS = YES_ERROR;
				CLANG_WARN_UNREACHABLE_CODE = YES;
				CLANG_WARN__DUPLICATE_METHOD_MATCH = YES;
				"CODE_SIGN_IDENTITY[sdk=iphoneos*]" = "iPhone Developer";
				COPY_PHASE_STRIP = NO;
				DEBUG_INFORMATION_FORMAT = "dwarf-with-dsym";
				ENABLE_NS_ASSERTIONS = NO;
				ENABLE_STRICT_OBJC_MSGSEND = YES;
				GCC_C_LANGUAGE_STANDARD = gnu99;
				GCC_NO_COMMON_BLOCKS = YES;
				GCC_WARN_64_TO_32_BIT_CONVERSION = YES;
				GCC_WARN_ABOUT_RETURN_TYPE = YES_ERROR;
				GCC_WARN_UNDECLARED_SELECTOR = YES;
				GCC_WARN_UNINITIALIZED_AUTOS = YES_AGGRESSIVE;
				GCC_WARN_UNUSED_FUNCTION = YES;
				GCC_WARN_UNUSED_VARIABLE = YES;
				IPHONEOS_DEPLOYMENT_TARGET = 9.3;
				MTL_ENABLE_DEBUG_INFO = NO;
				SDKROOT = iphoneos;
				VALIDATE_PRODUCT = YES;
			};
			name = Release;
		};
		EB269A771D1B989700A282B1 /* Debug */ = {
			isa = XCBuildConfiguration;
			baseConfigurationReference = FA9E8B47C79934659D9FEEEC /* Pods-LiveViewer.debug.xcconfig */;
			buildSettings = {
				ASSETCATALOG_COMPILER_APPICON_NAME = AppIcon;
				GCC_PREFIX_HEADER = LiveViewer/LiveViewer.pch;
				INFOPLIST_FILE = LiveViewer/Info.plist;
				IPHONEOS_DEPLOYMENT_TARGET = 7.0;
				LD_RUNPATH_SEARCH_PATHS = "$(inherited) @executable_path/Frameworks";
				PRODUCT_BUNDLE_IDENTIFIER = com.msb.LiveViewer;
				PRODUCT_NAME = "$(TARGET_NAME)";
			};
			name = Debug;
		};
		EB269A781D1B989700A282B1 /* Release */ = {
			isa = XCBuildConfiguration;
			baseConfigurationReference = B41BFFB255260DA37AB7844F /* Pods-LiveViewer.release.xcconfig */;
			buildSettings = {
				ASSETCATALOG_COMPILER_APPICON_NAME = AppIcon;
				GCC_PREFIX_HEADER = LiveViewer/LiveViewer.pch;
				INFOPLIST_FILE = LiveViewer/Info.plist;
				IPHONEOS_DEPLOYMENT_TARGET = 7.0;
				LD_RUNPATH_SEARCH_PATHS = "$(inherited) @executable_path/Frameworks";
				PRODUCT_BUNDLE_IDENTIFIER = com.msb.LiveViewer;
				PRODUCT_NAME = "$(TARGET_NAME)";
			};
			name = Release;
		};
		EB269A7A1D1B989700A282B1 /* Debug */ = {
			isa = XCBuildConfiguration;
			buildSettings = {
				BUNDLE_LOADER = "$(TEST_HOST)";
				INFOPLIST_FILE = LiveViewerTests/Info.plist;
				LD_RUNPATH_SEARCH_PATHS = "$(inherited) @executable_path/Frameworks @loader_path/Frameworks";
				PRODUCT_BUNDLE_IDENTIFIER = com.msb.LiveViewerTests;
				PRODUCT_NAME = "$(TARGET_NAME)";
				TEST_HOST = "$(BUILT_PRODUCTS_DIR)/LiveViewer.app/LiveViewer";
			};
			name = Debug;
		};
		EB269A7B1D1B989700A282B1 /* Release */ = {
			isa = XCBuildConfiguration;
			buildSettings = {
				BUNDLE_LOADER = "$(TEST_HOST)";
				INFOPLIST_FILE = LiveViewerTests/Info.plist;
				LD_RUNPATH_SEARCH_PATHS = "$(inherited) @executable_path/Frameworks @loader_path/Frameworks";
				PRODUCT_BUNDLE_IDENTIFIER = com.msb.LiveViewerTests;
				PRODUCT_NAME = "$(TARGET_NAME)";
				TEST_HOST = "$(BUILT_PRODUCTS_DIR)/LiveViewer.app/LiveViewer";
			};
			name = Release;
		};
		EB269A7D1D1B989700A282B1 /* Debug */ = {
			isa = XCBuildConfiguration;
			buildSettings = {
				INFOPLIST_FILE = LiveViewerUITests/Info.plist;
				LD_RUNPATH_SEARCH_PATHS = "$(inherited) @executable_path/Frameworks @loader_path/Frameworks";
				PRODUCT_BUNDLE_IDENTIFIER = com.msb.LiveViewerUITests;
				PRODUCT_NAME = "$(TARGET_NAME)";
				TEST_TARGET_NAME = LiveViewer;
			};
			name = Debug;
		};
		EB269A7E1D1B989700A282B1 /* Release */ = {
			isa = XCBuildConfiguration;
			buildSettings = {
				INFOPLIST_FILE = LiveViewerUITests/Info.plist;
				LD_RUNPATH_SEARCH_PATHS = "$(inherited) @executable_path/Frameworks @loader_path/Frameworks";
				PRODUCT_BUNDLE_IDENTIFIER = com.msb.LiveViewerUITests;
				PRODUCT_NAME = "$(TARGET_NAME)";
				TEST_TARGET_NAME = LiveViewer;
			};
			name = Release;
		};
/* End XCBuildConfiguration section */

/* Begin XCConfigurationList section */
		EB269A441D1B989700A282B1 /* Build configuration list for PBXProject "LiveViewer" */ = {
			isa = XCConfigurationList;
			buildConfigurations = (
				EB269A741D1B989700A282B1 /* Debug */,
				EB269A751D1B989700A282B1 /* Release */,
			);
			defaultConfigurationIsVisible = 0;
			defaultConfigurationName = Release;
		};
		EB269A761D1B989700A282B1 /* Build configuration list for PBXNativeTarget "LiveViewer" */ = {
			isa = XCConfigurationList;
			buildConfigurations = (
				EB269A771D1B989700A282B1 /* Debug */,
				EB269A781D1B989700A282B1 /* Release */,
			);
			defaultConfigurationIsVisible = 0;
			defaultConfigurationName = Release;
		};
		EB269A791D1B989700A282B1 /* Build configuration list for PBXNativeTarget "LiveViewerTests" */ = {
			isa = XCConfigurationList;
			buildConfigurations = (
				EB269A7A1D1B989700A282B1 /* Debug */,
				EB269A7B1D1B989700A282B1 /* Release */,
			);
			defaultConfigurationIsVisible = 0;
			defaultConfigurationName = Release;
		};
		EB269A7C1D1B989700A282B1 /* Build configuration list for PBXNativeTarget "LiveViewerUITests" */ = {
			isa = XCConfigurationList;
			buildConfigurations = (
				EB269A7D1D1B989700A282B1 /* Debug */,
				EB269A7E1D1B989700A282B1 /* Release */,
			);
			defaultConfigurationIsVisible = 0;
			defaultConfigurationName = Release;
		};
/* End XCConfigurationList section */
	};
	rootObject = EB269A411D1B989700A282B1 /* Project object */;
}
